github.com/SimoTod/alpine-turbolinks-adapter v0.3.0/go.mod h1:KebmHFXD933AzXtw24J3MbhcN7lrdMvIbmU3H7sex+M=
github.com/alpinejs/alpine v2.5.0+incompatible/go.mod h1:BKI81egATMnaKqFeX5HEfYMnjZjcjcZmrYAu5Nck+EY=
github.com/alpinejs/alpine v2.6.0+incompatible/go.mod h1:BKI81egATMnaKqFeX5HEfYMnjZjcjcZmrYAu5Nck+EY=
github.com/alpinejs/alpine v2.7.0+incompatible/go.mod h1:BKI81egATMnaKqFeX5HEfYMnjZjcjcZmrYAu5Nck+EY=
github.com/alpinejs/alpine v2.8.0+incompatible/go.mod h1:BKI81egATMnaKqFeX5HEfYMnjZjcjcZmrYAu5Nck+EY=
github.com/bep/hugo-jslibs/alpinejs v0.5.14/go.mod h1:AKan86yhrI16Cp+ga/+UuRkBgaO25SpubHWFgMTzh3o=
github.com/bep/hugo-jslibs/instantpage v0.0.0-20200822093604-7b6e0aaba587/go.mod h1:Ezl32tElGtVVOdR7j1MZQHJOTbKL/iXO2Qtj4NOGkBs=
github.com/bep/hugo-jslibs/turbolinks v0.1.2/go.mod h1:CQHa51PjmF5gavvhS3JKSE9ywo8h7QgOj3D88ry6qu0=
github.com/bep/linodedocs v0.0.0-20200907181511-0147907b2c32 h1:zCV40Hxitmya8zWvcUDg7EAPX7llhNZBWgYL02Blhl8=
github.com/bep/linodedocs v0.0.0-20200907181511-0147907b2c32/go.mod h1:S6J2bvTp/BMG2Qau6jZkapEQZOQZjIPSvNoKToJlHIg=
github.com/bep/linodedocs v0.0.0-20200908101729-24d9c800d647/go.mod h1:S6J2bvTp/BMG2Qau6jZkapEQZOQZjIPSvNoKToJlHIg=
github.com/bep/linodedocs v0.0.0-20200911084526-695f379cfe6b h1:onBwKESoM3RvJ/jhvtIckQTqZKG+OhrSiaFacRf8AxU=
github.com/bep/linodedocs v0.0.0-20200911084526-695f379cfe6b/go.mod h1:4RgqXcW+15KBtJqqvGaM2SuZcnRJPmpWRbAOXEg6sN0=
github.com/bep/linodedocs v0.0.0-20200914110745-760afd3e2646 h1:9P6HVCD9ekgaAjdAIQK+krvUxgS8uFIOfWLG1Q600Fo=
github.com/bep/linodedocs v0.0.0-20200914110745-760afd3e2646/go.mod h1:4RgqXcW+15KBtJqqvGaM2SuZcnRJPmpWRbAOXEg6sN0=
github.com/bep/linodedocs v0.0.0-20200915074751-a06e0aad0cc5 h1:Za1rngQmymGkAoHyRX8v8w+Xxmcqwt1BXm5jU+SFT8g=
github.com/bep/linodedocs v0.0.0-20200915074751-a06e0aad0cc5/go.mod h1:4RgqXcW+15KBtJqqvGaM2SuZcnRJPmpWRbAOXEg6sN0=
github.com/bep/linodedocs v0.0.0-20200915104855-f00dc48df479 h1:dCOvEJMuyPxl/R43yenHBUXOjJrWZAXgap9cmnWiofo=
github.com/bep/linodedocs v0.0.0-20200915104855-f00dc48df479/go.mod h1:aO5BIS0rbuZkNsAEn4A2084hu6apCqFAd823pWP/jQk=
github.com/bep/linodedocs v0.0.0-20200915154846-5cc65eb75cd9 h1:hjTpy5onRORh/F3M69jsKH0B00OOsS1YJgjGGFWRHRU=
github.com/bep/linodedocs v0.0.0-20200915154846-5cc65eb75cd9/go.mod h1:aO5BIS0rbuZkNsAEn4A2084hu6apCqFAd823pWP/jQk=
github.com/bep/linodedocs v0.0.0-20200918082300-538191f1a30f h1:EQ9Q5GA3Yb7NtTG2Jzr+n3nuuFB/TP+FIf1yG3IwUlU=
github.com/bep/linodedocs v0.0.0-20200918082300-538191f1a30f/go.mod h1:aO5BIS0rbuZkNsAEn4A2084hu6apCqFAd823pWP/jQk=
github.com/bep/linodedocs v0.0.0-20200920163239-0482c8a15289 h1:xnJEdBE6ru0eJy+HhHbiyRJTipYXOihr7Ck0ZrNt4jo=
github.com/bep/linodedocs v0.0.0-20200920163239-0482c8a15289/go.mod h1:aO5BIS0rbuZkNsAEn4A2084hu6apCqFAd823pWP/jQk=
github.com/bep/linodedocs v0.0.0-20200920173608-8eb6163279fe h1:cHWVzqGKLYI//iZoa5B3MgqIAns/hZ7fFATdY1FXUBI=
github.com/bep/linodedocs v0.0.0-20200920173608-8eb6163279fe/go.mod h1:aO5BIS0rbuZkNsAEn4A2084hu6apCqFAd823pWP/jQk=
github.com/bep/linodedocs v0.0.0-20200920203645-b29720b85849 h1:Pj/9ZshPwmk6tcWeZIQ690AYmPIsFnUBO8d6gV8QJpc=
github.com/bep/linodedocs v0.0.0-20200920203645-b29720b85849/go.mod h1:aO5BIS0rbuZkNsAEn4A2084hu6apCqFAd823pWP/jQk=
github.com/bep/linodedocs v0.0.0-20200921102407-772e8ba6ac98 h1:WsHGKx5Pozx/3mdvfpAxHnFzDSJDmL29oK7xsO2VzJQ=
github.com/bep/linodedocs v0.0.0-20200921102407-772e8ba6ac98/go.mod h1:aO5BIS0rbuZkNsAEn4A2084hu6apCqFAd823pWP/jQk=
github.com/bep/linodedocs v0.0.0-20200921125135-c2a6d09e55d4 h1:dS5R6TH49KVEASCfiEMz9lvv8699BV6YwK3QNFXShSY=
github.com/bep/linodedocs v0.0.0-20200921125135-c2a6d09e55d4/go.mod h1:aO5BIS0rbuZkNsAEn4A2084hu6apCqFAd823pWP/jQk=
github.com/bep/linodedocs v0.0.0-20200921145305-7e36a29e3b7e/go.mod h1:aO5BIS0rbuZkNsAEn4A2084hu6apCqFAd823pWP/jQk=
github.com/bep/linodedocs v0.0.0-20200922095213-46706d66bd57 h1:ZkvJ7KY+pbSUp7V4phSvp3xqfM+ITdgXrjvY0FnYaEo=
github.com/bep/linodedocs v0.0.0-20200922095213-46706d66bd57/go.mod h1:aO5BIS0rbuZkNsAEn4A2084hu6apCqFAd823pWP/jQk=
github.com/bep/linodedocs v0.0.0-20200922150359-a28505bc25bb h1:wLkjSPLPlJx10Y07E2KF4du0x1jq+3OLNBeaghydpws=
github.com/bep/linodedocs v0.0.0-20200922150359-a28505bc25bb/go.mod h1:aO5BIS0rbuZkNsAEn4A2084hu6apCqFAd823pWP/jQk=
github.com/bep/linodedocs v0.0.0-20200923144729-23a3a783c671 h1:jKo/sJYEOWw8Dj1djObvxOfwF6Rofor2WOSXuGrB4AY=
github.com/bep/linodedocs v0.0.0-20200923144729-23a3a783c671/go.mod h1:aO5BIS0rbuZkNsAEn4A2084hu6apCqFAd823pWP/jQk=
github.com/bep/linodedocs v0.0.0-20200923154029-13a3697ee8be h1:D2ZVD+e2LfArVcZKzu6m+wcUoxKXKWSmWCrbWU0z2MI=
github.com/bep/linodedocs v0.0.0-20200923154029-13a3697ee8be/go.mod h1:aO5BIS0rbuZkNsAEn4A2084hu6apCqFAd823pWP/jQk=
github.com/bep/linodedocs v0.0.0-20200923171335-d4c26bfa1184 h1:GNKN2qrg0jJbo29EvjQ5iOnQbyYglNjNSmu3xhzShag=
github.com/bep/linodedocs v0.0.0-20200923171335-d4c26bfa1184/go.mod h1:aO5BIS0rbuZkNsAEn4A2084hu6apCqFAd823pWP/jQk=
github.com/bep/linodedocs v0.0.0-20200923181125-181b9fb92043 h1:qcrjGuEbfaY89eyXWk+p6j14DlIL1/jgKiu1kIJSBXA=
github.com/bep/linodedocs v0.0.0-20200923181125-181b9fb92043/go.mod h1:aO5BIS0rbuZkNsAEn4A2084hu6apCqFAd823pWP/jQk=
github.com/bep/linodedocs v0.0.0-20200924142447-6d0d190e7561 h1:dd7NVoY+zX8LTJHBhHwT6pm9m/kaJFPqzNzvwGCFyzk=
github.com/bep/linodedocs v0.0.0-20200924142447-6d0d190e7561/go.mod h1:aO5BIS0rbuZkNsAEn4A2084hu6apCqFAd823pWP/jQk=
github.com/bep/linodedocs v0.0.0-20200924175204-62beaee75e78 h1:YT90L1LT1CO3JPiAt0mzoPt5jqAr46ketjSPzxe+RfQ=
github.com/bep/linodedocs v0.0.0-20200924175204-62beaee75e78/go.mod h1:aO5BIS0rbuZkNsAEn4A2084hu6apCqFAd823pWP/jQk=
github.com/bep/linodedocs v0.0.0-20200925151128-69d7245ca21c h1:MyvpsxVC+4XJm5WLw5Wa/p8LrbGGNIuJW4AaUlx6mzY=
github.com/bep/linodedocs v0.0.0-20200925151128-69d7245ca21c/go.mod h1:aO5BIS0rbuZkNsAEn4A2084hu6apCqFAd823pWP/jQk=
github.com/bep/linodedocs v0.0.0-20200925154737-f6c1c8cba967 h1:tVfPE/q1Ocbu0WgzAHBzbsAyd2CoaTFyMxpw63Hxx0s=
github.com/bep/linodedocs v0.0.0-20200925154737-f6c1c8cba967/go.mod h1:aO5BIS0rbuZkNsAEn4A2084hu6apCqFAd823pWP/jQk=
github.com/bep/linodedocs v0.0.0-20200927121301-96d8e6ab5ee3 h1:tUQprEmKvPrUA2ePpCCHsCwuqxZWZuchzOKfZPk5Qks=
github.com/bep/linodedocs v0.0.0-20200927121301-96d8e6ab5ee3/go.mod h1:aO5BIS0rbuZkNsAEn4A2084hu6apCqFAd823pWP/jQk=
github.com/bep/linodedocs v0.0.0-20200927152305-45ecda66f5e0 h1:oE3rUtbWHBYhctHw79/fw1hmgOLFX7IlTNxEsWKKHuc=
github.com/bep/linodedocs v0.0.0-20200927152305-45ecda66f5e0/go.mod h1:aO5BIS0rbuZkNsAEn4A2084hu6apCqFAd823pWP/jQk=
github.com/bep/linodedocs v0.0.0-20200928093229-3bd4ecbc3363 h1:lAZEbzl4R7kEayxkkL77H/J6j93iM9QmnG38Efp5/b4=
github.com/bep/linodedocs v0.0.0-20200928093229-3bd4ecbc3363/go.mod h1:j/Hy4U4rBcnbeKse4usdz4IscMkcOEiRvyXjAGS5gU8=
github.com/bep/linodedocs v0.0.0-20200928132508-23364aa56c85 h1:BaeAwCgLdVg8LbpD+4iiucbNddda33yEachcJ+/Ng80=
github.com/bep/linodedocs v0.0.0-20200928132508-23364aa56c85/go.mod h1:j/Hy4U4rBcnbeKse4usdz4IscMkcOEiRvyXjAGS5gU8=
github.com/bep/linodedocs v0.0.0-20200928133102-d78782e6498d h1:GbzgSuoRGSOpGBYLkyUQ8F8PLFu9GWJb0DYukPjFJ44=
github.com/bep/linodedocs v0.0.0-20200928133102-d78782e6498d/go.mod h1:j/Hy4U4rBcnbeKse4usdz4IscMkcOEiRvyXjAGS5gU8=
github.com/bep/linodedocs v0.0.0-20200929084131-1ce3ec517961 h1:oxGIWF6LR49JB7eXYmdgUZpXMNd1g8ZnGStKst26iuY=
github.com/bep/linodedocs v0.0.0-20200929084131-1ce3ec517961/go.mod h1:j/Hy4U4rBcnbeKse4usdz4IscMkcOEiRvyXjAGS5gU8=
github.com/bep/linodedocs v0.0.0-20200930131451-13d8250d09a7 h1:/X0qHJG9rOTNDbjztVhbMUmGprPut3VOyr+fw+agqUw=
github.com/bep/linodedocs v0.0.0-20200930131451-13d8250d09a7/go.mod h1:j/Hy4U4rBcnbeKse4usdz4IscMkcOEiRvyXjAGS5gU8=
github.com/bep/linodedocs v0.0.0-20200930133600-ae907bad4cd7 h1:4MhqS29PrVV+R1awgeAI+RYa6uiIkIw8WRcEpmiLq38=
github.com/bep/linodedocs v0.0.0-20200930133600-ae907bad4cd7/go.mod h1:j/Hy4U4rBcnbeKse4usdz4IscMkcOEiRvyXjAGS5gU8=
github.com/bep/linodedocs v0.0.0-20200930180316-208bd8460657 h1:RNcg1qHbRLtVRWnjkTItvnUSHOXzzgez76l5tZ3Abwc=
github.com/bep/linodedocs v0.0.0-20200930180316-208bd8460657/go.mod h1:j/Hy4U4rBcnbeKse4usdz4IscMkcOEiRvyXjAGS5gU8=
github.com/bep/linodedocs v0.0.0-20200930184430-171ee83c572f h1:Oq90bPzTeMjlfVtLZdCs+Vgy65Tu8lunzMLL9bCnx4A=
github.com/bep/linodedocs v0.0.0-20200930184430-171ee83c572f/go.mod h1:j/Hy4U4rBcnbeKse4usdz4IscMkcOEiRvyXjAGS5gU8=
github.com/bep/linodedocs v0.0.0-20201001094919-c9ba292488d3 h1:94aoGo3CMZvfd+Zi6pQtiMHlbhw30AR32/3eeJwHld0=
github.com/bep/linodedocs v0.0.0-20201001094919-c9ba292488d3/go.mod h1:j/Hy4U4rBcnbeKse4usdz4IscMkcOEiRvyXjAGS5gU8=
github.com/bep/linodedocs v0.0.0-20201001123431-3e9c31c2029d h1:apS/QlENDSJplhjeITXtfy0wYc9+0CGYWOMprQWUhLI=
github.com/bep/linodedocs v0.0.0-20201001123431-3e9c31c2029d/go.mod h1:j/Hy4U4rBcnbeKse4usdz4IscMkcOEiRvyXjAGS5gU8=
github.com/bep/linodedocs v0.0.0-20201001150251-8f1702662004 h1:9+NLZdYJnhkhhEYynBMUzKWTNRlaO6/qBLcuM5Eg2RE=
github.com/bep/linodedocs v0.0.0-20201001150251-8f1702662004/go.mod h1:j/Hy4U4rBcnbeKse4usdz4IscMkcOEiRvyXjAGS5gU8=
github.com/bep/linodedocs v0.0.0-20201001165618-c9274e95d657 h1:6vGBiHVHwvhyiT4grCYNFrphPHhm7rmMphIVvUdUJuA=
github.com/bep/linodedocs v0.0.0-20201001165618-c9274e95d657/go.mod h1:j/Hy4U4rBcnbeKse4usdz4IscMkcOEiRvyXjAGS5gU8=
github.com/bep/linodedocs v0.0.0-20201001170039-0238a1662d9a h1:iCoSb+1TvYDt+U/Z0AmSFg3fDQhp8hXknZ5Gc+tBZVc=
github.com/bep/linodedocs v0.0.0-20201001170039-0238a1662d9a/go.mod h1:j/Hy4U4rBcnbeKse4usdz4IscMkcOEiRvyXjAGS5gU8=
github.com/bep/linodedocs v0.0.0-20201002103942-72d77f4049cc h1:GAL+z9I4SERTuCJjmg96tY1YqCXulVWgPFLvOUm0V6M=
github.com/bep/linodedocs v0.0.0-20201002103942-72d77f4049cc/go.mod h1:j/Hy4U4rBcnbeKse4usdz4IscMkcOEiRvyXjAGS5gU8=
github.com/bep/linodedocs v0.0.0-20201003103226-83a5ced6f888 h1:NAatywOWh6OPKiU9BEoB67nUwOBZdhA9n/kRoIcO30k=
github.com/bep/linodedocs v0.0.0-20201003103226-83a5ced6f888/go.mod h1:j/Hy4U4rBcnbeKse4usdz4IscMkcOEiRvyXjAGS5gU8=
github.com/bep/linodedocs v0.0.0-20201004170848-fa71da88fd08 h1:lDif62Utcq00pMWwvmG5opGop4eUNH+QZY5cZhxrvSo=
github.com/bep/linodedocs v0.0.0-20201004170848-fa71da88fd08/go.mod h1:j/Hy4U4rBcnbeKse4usdz4IscMkcOEiRvyXjAGS5gU8=
github.com/bep/linodedocs v0.0.0-20201004180951-c6077463a5dd h1:eWTVUDjP5VfQalINhvuc4ujALz4zjR/Kirhx5vGS0DM=
github.com/bep/linodedocs v0.0.0-20201004180951-c6077463a5dd/go.mod h1:j/Hy4U4rBcnbeKse4usdz4IscMkcOEiRvyXjAGS5gU8=
github.com/bep/linodedocs v0.0.0-20201005101139-3dd7e8d0d4a7 h1:38p2OE8JImrwWtc9inVLmkPLPPcOS3WWQ0d7dt5l6dw=
github.com/bep/linodedocs v0.0.0-20201005101139-3dd7e8d0d4a7/go.mod h1:j/Hy4U4rBcnbeKse4usdz4IscMkcOEiRvyXjAGS5gU8=
github.com/bep/linodedocs v0.0.0-20201005164818-fe5566d691eb h1:TrrZjqqruSworulwUqZjpj6iIlm1QMTohbxR7iMmyng=
github.com/bep/linodedocs v0.0.0-20201005164818-fe5566d691eb/go.mod h1:j/Hy4U4rBcnbeKse4usdz4IscMkcOEiRvyXjAGS5gU8=
github.com/bep/linodedocs v0.0.0-20201007065254-d6ae604ee027 h1:1JFqvV0CekBh1NBsF0vmnxBR/qYL8P8U5LL9UZsXiBE=
github.com/bep/linodedocs v0.0.0-20201007065254-d6ae604ee027/go.mod h1:j/Hy4U4rBcnbeKse4usdz4IscMkcOEiRvyXjAGS5gU8=
github.com/bep/linodedocs v0.0.0-20201007072802-ef9a55d5c496 h1:c1fZdnsKLRPY8RzU6AqUwXOFRDagwKd+Ow6Sno4ctpI=
github.com/bep/linodedocs v0.0.0-20201007072802-ef9a55d5c496/go.mod h1:j/Hy4U4rBcnbeKse4usdz4IscMkcOEiRvyXjAGS5gU8=
github.com/bep/linodedocs v0.0.0-20201009061038-bc8f34802ba0 h1:FggLXtjukITJj6udAS4s8V5JDsKtzRP17kOaJxtLpFM=
github.com/bep/linodedocs v0.0.0-20201009061038-bc8f34802ba0/go.mod h1:j/Hy4U4rBcnbeKse4usdz4IscMkcOEiRvyXjAGS5gU8=
github.com/bep/linodedocs v0.0.0-20201013092623-c33f6047518c h1:kM6Be/t3Y6F2nailrbAdSvD7PBXSdVhpOG97+Ee2c50=
github.com/bep/linodedocs v0.0.0-20201013092623-c33f6047518c/go.mod h1:j/Hy4U4rBcnbeKse4usdz4IscMkcOEiRvyXjAGS5gU8=
github.com/bep/linodedocs v0.0.0-20201013094022-46233954e075 h1:tvNEKp94yJdT2mkwOg2h15gAhOYH2ZgwcKPfO7SQlBs=
github.com/bep/linodedocs v0.0.0-20201013094022-46233954e075/go.mod h1:j/Hy4U4rBcnbeKse4usdz4IscMkcOEiRvyXjAGS5gU8=
github.com/bep/linodedocs v0.0.0-20201013140333-7a834f6459ea h1:YoSff5KI1PorW0lTVBV3JXGhRCwNRwXptSakgpNeiok=
github.com/bep/linodedocs v0.0.0-20201013140333-7a834f6459ea/go.mod h1:j/Hy4U4rBcnbeKse4usdz4IscMkcOEiRvyXjAGS5gU8=
github.com/bep/linodedocs v0.0.0-20201013144810-93e6ae435255 h1:PYB+DfKOimWuKi+A6VrnkhmvI4ouCn31VQ7zZHnBSeI=
github.com/bep/linodedocs v0.0.0-20201013144810-93e6ae435255/go.mod h1:j/Hy4U4rBcnbeKse4usdz4IscMkcOEiRvyXjAGS5gU8=
github.com/bep/linodedocs v0.0.0-20201013152321-52ea34f16188 h1:XEfEilZuj/ip7sVHZmVhsYrSlgYeEPn1XTAw6DV1ZRw=
github.com/bep/linodedocs v0.0.0-20201013152321-52ea34f16188/go.mod h1:j/Hy4U4rBcnbeKse4usdz4IscMkcOEiRvyXjAGS5gU8=
github.com/bep/linodedocs v0.0.0-20201013160942-fa19e25f24d0 h1:LErcUFWepM//j4/+sEMH5iwg6nfmYhPKfQDlLiXdNWQ=
github.com/bep/linodedocs v0.0.0-20201013160942-fa19e25f24d0/go.mod h1:j/Hy4U4rBcnbeKse4usdz4IscMkcOEiRvyXjAGS5gU8=
github.com/bep/linodedocs v0.0.0-20201013163554-ffe34a178594 h1:Vwx6PwC9WdtmhiQods0cOV6FhrGqdCrUgpk+grYIrQY=
github.com/bep/linodedocs v0.0.0-20201013163554-ffe34a178594/go.mod h1:j/Hy4U4rBcnbeKse4usdz4IscMkcOEiRvyXjAGS5gU8=
github.com/bep/linodedocs v0.0.0-20201014080440-a6603c584d83 h1:XkomOIMWHGMcYW3gNarPWCrz/1ueSM0hAuzYGovxn/Q=
github.com/bep/linodedocs v0.0.0-20201014080440-a6603c584d83/go.mod h1:j/Hy4U4rBcnbeKse4usdz4IscMkcOEiRvyXjAGS5gU8=
github.com/bep/linodedocs v0.0.0-20201014103243-944c9771d3ab/go.mod h1:j/Hy4U4rBcnbeKse4usdz4IscMkcOEiRvyXjAGS5gU8=
github.com/bep/linodedocs v0.0.0-20201015074451-dfe41e65971c h1:PaH6kd8xTasASqGaOndyGSPDBzrKIi7oE8/zP2borxw=
github.com/bep/linodedocs v0.0.0-20201015074451-dfe41e65971c/go.mod h1:j/Hy4U4rBcnbeKse4usdz4IscMkcOEiRvyXjAGS5gU8=
github.com/bep/linodedocs v0.0.0-20201015081613-ff297385d319 h1:fDXaQKJBNEe1QzzrMOZ8HYmAqkvu3oFWC69IsS/oHvo=
github.com/bep/linodedocs v0.0.0-20201015081613-ff297385d319/go.mod h1:j/Hy4U4rBcnbeKse4usdz4IscMkcOEiRvyXjAGS5gU8=
github.com/bep/linodedocs v0.0.0-20201015093243-2146285e8c71 h1:q+EJfQw8/bsrJcUv4GTVMs0uM/9NLdJjVvyUxB/KrcU=
github.com/bep/linodedocs v0.0.0-20201015093243-2146285e8c71/go.mod h1:j/Hy4U4rBcnbeKse4usdz4IscMkcOEiRvyXjAGS5gU8=
github.com/bep/linodedocs v0.0.0-20201015121756-50576d5a8606 h1:mj+bpNdn/E0ntM1QKWY+E//mO+wniWU5kLn8vuIcqgg=
github.com/bep/linodedocs v0.0.0-20201015121756-50576d5a8606/go.mod h1:j/Hy4U4rBcnbeKse4usdz4IscMkcOEiRvyXjAGS5gU8=
github.com/bep/linodedocs v0.0.0-20201016102344-e47be929bb41 h1:ITpCukCwpc/z4A/Kc6OwwznK6pNTOseVJ7FKhSmvdtk=
github.com/bep/linodedocs v0.0.0-20201016102344-e47be929bb41/go.mod h1:j/Hy4U4rBcnbeKse4usdz4IscMkcOEiRvyXjAGS5gU8=
github.com/bep/linodedocs v0.0.0-20201016111349-b5dbb2b1dc38 h1:1WQgFRRgj7pdRynVlKPflc0Hvb17K0dgSuSrJtuOQDU=
github.com/bep/linodedocs v0.0.0-20201016111349-b5dbb2b1dc38/go.mod h1:j/Hy4U4rBcnbeKse4usdz4IscMkcOEiRvyXjAGS5gU8=
github.com/bep/linodedocs v0.0.0-20201016140526-70c5c5744933 h1:qSPQ3fyf7eUF99sT3iwnXF88L9HsvWEu2QDr6NnIPx0=
github.com/bep/linodedocs v0.0.0-20201016140526-70c5c5744933/go.mod h1:j/Hy4U4rBcnbeKse4usdz4IscMkcOEiRvyXjAGS5gU8=
github.com/bep/linodedocs v0.0.0-20201016143629-4f0391fd43cf h1:on0+0HauQdteN8eNTudc82T6VS+7rj1568zgAl6WLcw=
github.com/bep/linodedocs v0.0.0-20201016143629-4f0391fd43cf/go.mod h1:hjrQVt6vP+n2xhetwJ8WOiYORr2r5VylsAN467Wu/UA=
github.com/bep/linodedocs v0.0.0-20201017110758-7effe2258de2 h1:jmmPkbzOX6AdH7oMofeJHiqxS1dXbasZmnRCHeGIqL4=
github.com/bep/linodedocs v0.0.0-20201017110758-7effe2258de2/go.mod h1:hjrQVt6vP+n2xhetwJ8WOiYORr2r5VylsAN467Wu/UA=
github.com/bep/linodedocs v0.0.0-20201017111742-7bf89bf4e6ef h1:yQF8T9T0F/TTr2rG+/qNmoWusXCkJM3AhcFSzwXoMWM=
github.com/bep/linodedocs v0.0.0-20201017111742-7bf89bf4e6ef/go.mod h1:hjrQVt6vP+n2xhetwJ8WOiYORr2r5VylsAN467Wu/UA=
github.com/bep/linodedocs v0.0.0-20201017143940-1b123cb605cc h1:+HP0LoiprSsmnSfH0SXkP/Flg9YvHnuWYo2zw4KqLEA=
github.com/bep/linodedocs v0.0.0-20201017143940-1b123cb605cc/go.mod h1:hjrQVt6vP+n2xhetwJ8WOiYORr2r5VylsAN467Wu/UA=
github.com/bep/linodedocs v0.0.0-20201018110358-fe6d264c4af3 h1:w4kQk++RPKgbaWaterw7wnTN1tIdb/VmjWttQxC5caE=
github.com/bep/linodedocs v0.0.0-20201018110358-fe6d264c4af3/go.mod h1:hjrQVt6vP+n2xhetwJ8WOiYORr2r5VylsAN467Wu/UA=
github.com/bep/linodedocs v0.0.0-20201018135444-55424f06cd7d h1:3W0lyFY0PEt/NY2ACeXWEqtwKi3aLEPycmN7NKZgnYw=
github.com/bep/linodedocs v0.0.0-20201018135444-55424f06cd7d/go.mod h1:hjrQVt6vP+n2xhetwJ8WOiYORr2r5VylsAN467Wu/UA=
github.com/bep/linodedocs v0.0.0-20201018172310-e4a3cd33c6d3 h1:5YpjQOvf4MLpBSbQIWqbaJxWuLjzkOMGeHOrxkoa/Ws=
github.com/bep/linodedocs v0.0.0-20201018172310-e4a3cd33c6d3/go.mod h1:hjrQVt6vP+n2xhetwJ8WOiYORr2r5VylsAN467Wu/UA=
github.com/bep/linodedocs v0.0.0-20201019103519-b4e976e2b1e7 h1:PFZcAXspHh+Ma/G64cZhPheOn5Ym00XyxzwF3IGsODk=
github.com/bep/linodedocs v0.0.0-20201019103519-b4e976e2b1e7/go.mod h1:hjrQVt6vP+n2xhetwJ8WOiYORr2r5VylsAN467Wu/UA=
github.com/bep/linodedocs v0.0.0-20201019111513-2e6f74ed69f7 h1:W7SUjqTWtF/JnjfdgA+wJsBVa6PeIabXM8Q7LYeAp6M=
github.com/bep/linodedocs v0.0.0-20201019111513-2e6f74ed69f7/go.mod h1:hjrQVt6vP+n2xhetwJ8WOiYORr2r5VylsAN467Wu/UA=
github.com/bep/linodedocs v0.0.0-20201019114837-a945d0b99b02 h1:mE0vF/vI69+4IsMVustrzhYmxCZF7QbjeEZYBJ6ZJO8=
github.com/bep/linodedocs v0.0.0-20201019114837-a945d0b99b02/go.mod h1:hjrQVt6vP+n2xhetwJ8WOiYORr2r5VylsAN467Wu/UA=
github.com/bep/linodedocs v0.0.0-20201019124954-243d39cc428a h1:lijOhbYI7vRpqAPDAsOFynnIU+3Yt016CPPTwXQXaPU=
github.com/bep/linodedocs v0.0.0-20201019124954-243d39cc428a/go.mod h1:hjrQVt6vP+n2xhetwJ8WOiYORr2r5VylsAN467Wu/UA=
github.com/bep/linodedocs v0.0.0-20201019130031-fa5c818bdb21 h1:hOaivHC3CCcd+wfkHpjrFYxwXmnaP71nW3P5yd0tJ+c=
github.com/bep/linodedocs v0.0.0-20201019130031-fa5c818bdb21/go.mod h1:hjrQVt6vP+n2xhetwJ8WOiYORr2r5VylsAN467Wu/UA=
github.com/bep/linodedocs v0.0.0-20201019132451-6c7a9b7e6bcd/go.mod h1:hjrQVt6vP+n2xhetwJ8WOiYORr2r5VylsAN467Wu/UA=
github.com/bep/linodedocs v0.0.0-20201019132903-2d5a2a0bb509 h1:gdCGCy7x40m+GiN8Qnea8RFLTn25ifGZEbUZtyb+HhE=
github.com/bep/linodedocs v0.0.0-20201019132903-2d5a2a0bb509/go.mod h1:hjrQVt6vP+n2xhetwJ8WOiYORr2r5VylsAN467Wu/UA=
github.com/bep/linodedocs v0.0.0-20201019163230-cb1d7b502bcd h1:rLQURkRcBbIfDK23MlKTvlINBmEyJ+IC4sQBnftrZMk=
github.com/bep/linodedocs v0.0.0-20201019163230-cb1d7b502bcd/go.mod h1:hjrQVt6vP+n2xhetwJ8WOiYORr2r5VylsAN467Wu/UA=
github.com/bep/linodedocs v0.0.0-20201019215146-68ce17f5abf5 h1:2vTlqq0g9rgTQgvt+uzVxtw0g/Mi/Nrg+NI6QHa44J8=
github.com/bep/linodedocs v0.0.0-20201019215146-68ce17f5abf5/go.mod h1:hjrQVt6vP+n2xhetwJ8WOiYORr2r5VylsAN467Wu/UA=
github.com/bep/linodedocs v0.0.0-20201019221507-09bc88e2eceb h1:Quo69SKhF+b0Y/9/avaL6jxKgIoUhcKCc1esq0S0SOA=
github.com/bep/linodedocs v0.0.0-20201019221507-09bc88e2eceb/go.mod h1:hjrQVt6vP+n2xhetwJ8WOiYORr2r5VylsAN467Wu/UA=
github.com/bep/linodedocs v0.0.0-20201020075923-804e4f6c9659 h1:L+Pr645EqTzvug7c/mrksLlq+Ga1H2vcOSNN7KBk4ac=
github.com/bep/linodedocs v0.0.0-20201020075923-804e4f6c9659/go.mod h1:hjrQVt6vP+n2xhetwJ8WOiYORr2r5VylsAN467Wu/UA=
github.com/bep/linodedocs v0.0.0-20201021192950-44aa23b0511b/go.mod h1:hjrQVt6vP+n2xhetwJ8WOiYORr2r5VylsAN467Wu/UA=
github.com/bep/linodedocs v0.0.0-20201022183302-e57b2abd7aa4 h1:vUbTou5q2L3IQ1ttd0HluXjGBrLtIlCc0N6zuzLx5f4=
github.com/bep/linodedocs v0.0.0-20201022183302-e57b2abd7aa4/go.mod h1:hjrQVt6vP+n2xhetwJ8WOiYORr2r5VylsAN467Wu/UA=
github.com/bep/linodedocs v0.0.0-20201028163546-1e2def1c7431 h1:tnhi0Dp/wJn7CN+yAymizG9h9qG0OX8km+2iD8aPdX0=
github.com/bep/linodedocs v0.0.0-20201028163546-1e2def1c7431/go.mod h1:Jaf9UDYxVmfTOesVMNvyBGU+0Q78L9Or7hDEN1I7gAc=
github.com/bep/linodedocs v0.0.0-20201029131522-c656d102af90 h1:4M/jEnVKdnSgk7JZZTfQabZrfSMIKeUngtO4jYxk2Qs=
github.com/bep/linodedocs v0.0.0-20201029131522-c656d102af90/go.mod h1:Jaf9UDYxVmfTOesVMNvyBGU+0Q78L9Or7hDEN1I7gAc=
github.com/bep/linodedocs v0.0.0-20201102172434-98f06c13f3f1 h1:VU+omU5athrlCiZ68GYF4nCs9MjAYjmNFTRZvE4b2P0=
github.com/bep/linodedocs v0.0.0-20201102172434-98f06c13f3f1/go.mod h1:Jaf9UDYxVmfTOesVMNvyBGU+0Q78L9Or7hDEN1I7gAc=
github.com/bep/linodedocs v0.0.0-20201111153041-b12904ff176a h1:fVHJpf21OIm1JUJ0sPixnJ3HxxBS8oWaKMwuvV8Z4oc=
github.com/bep/linodedocs v0.0.0-20201111153041-b12904ff176a/go.mod h1:Atubll9MuX2IrA54MDZOge85Vj1VI3uLHAp0mPQEaT8=
github.com/bep/linodedocs v0.0.0-20201113200012-d9e9d7cb74fa h1:AFAJqYcCMhJ7yde+ngHRQ87xYrIOo2O/2QHDtKwqv5w=
github.com/bep/linodedocs v0.0.0-20201113200012-d9e9d7cb74fa/go.mod h1:Atubll9MuX2IrA54MDZOge85Vj1VI3uLHAp0mPQEaT8=
github.com/bep/linodedocs v0.0.0-20201117191753-a4084a7c71a6 h1:e+ULRow/+2OHBQEvLXWEOtse/HYYmTmhvfhGza2k1G8=
github.com/bep/linodedocs v0.0.0-20201117191753-a4084a7c71a6/go.mod h1:fvA/E+XApS9zr5Z7ZOy6oDO+NKou6mdKeRp6s7K0je8=
github.com/bep/linodedocs v0.0.0-20201123204017-b6029ca36f88 h1:W167QlvjhdrOIGURWR2+5I9Yi3677Z3NQ7ZS/dztSbI=
github.com/bep/linodedocs v0.0.0-20201123204017-b6029ca36f88/go.mod h1:fvA/E+XApS9zr5Z7ZOy6oDO+NKou6mdKeRp6s7K0je8=
github.com/bep/linodedocs v0.0.0-20201123214701-cfb6ca717f80 h1:5Xrjioi/5MJTj4ZzNYhKvfh+xiRTHOaoBb/G0M17ZSY=
github.com/bep/linodedocs v0.0.0-20201123214701-cfb6ca717f80/go.mod h1:fvA/E+XApS9zr5Z7ZOy6oDO+NKou6mdKeRp6s7K0je8=
github.com/bep/linodedocs v0.0.0-20210113085930-7235eebb9931 h1:v2ouW43htteGLqszKVqNhfVywkcewoW7wppKzRiiwaI=
github.com/bep/linodedocs v0.0.0-20210113085930-7235eebb9931/go.mod h1:QoX7vqNCUQtCGFydFUo3h36Kii5A/rrLoGOIFCGPmjs=
github.com/bep/linodedocs v0.0.0-20210129195706-5de735652846 h1:pPBhRq5wJW6B/V3xs/VE7j3Sd4PmmIhYJwtL8ZHD0f4=
github.com/bep/linodedocs v0.0.0-20210129195706-5de735652846/go.mod h1:QoX7vqNCUQtCGFydFUo3h36Kii5A/rrLoGOIFCGPmjs=
github.com/bep/linodedocs v0.0.0-20210129224710-331214235787 h1:4xlEHCwJp4C0Nph5YViTH15b/OdOntjCYXOuEH0gi2w=
github.com/bep/linodedocs v0.0.0-20210129224710-331214235787/go.mod h1:CNZuSBsiOG2SJM9MEOYT4/KznrEu20HLrF5moSLVG7s=
github.com/bep/linodedocs v0.0.0-20210205131221-654d55528af1 h1:r/zhPgNKXXnwLQ8udl/9ihYcsg6tKBZQNiemh7hQXHc=
github.com/bep/linodedocs v0.0.0-20210205131221-654d55528af1/go.mod h1:CNZuSBsiOG2SJM9MEOYT4/KznrEu20HLrF5moSLVG7s=
github.com/bep/linodedocs v0.0.0-20210205184919-b133cd49a974 h1:KsJymBGx4HaeCd57AL/qQuOYhTPLCGEKdWKaIGYpTLU=
github.com/bep/linodedocs v0.0.0-20210205184919-b133cd49a974/go.mod h1:CNZuSBsiOG2SJM9MEOYT4/KznrEu20HLrF5moSLVG7s=
github.com/bep/linodedocs v0.0.0-20210209080207-a6e4e53fe2a4 h1:Qr4uc+CG8HlKkRzKRhVHu5PVfdDPk0KTPYR3drrlJvc=
github.com/bep/linodedocs v0.0.0-20210209080207-a6e4e53fe2a4/go.mod h1:CNZuSBsiOG2SJM9MEOYT4/KznrEu20HLrF5moSLVG7s=
github.com/bep/linodedocs v0.0.0-20210212184807-5356fe2a30db h1:vPlvxxG3OPGFRFxvqpXICHr8c2Fd21IDjBX/SZmYqgs=
github.com/bep/linodedocs v0.0.0-20210212184807-5356fe2a30db/go.mod h1:CNZuSBsiOG2SJM9MEOYT4/KznrEu20HLrF5moSLVG7s=
github.com/bep/linodedocs v0.0.0-20210212231859-10aa00d2e096 h1:nVnupnBeBS4VGWWo3eNZhO0w81IMVm1CVEfHWi9YV1k=
github.com/bep/linodedocs v0.0.0-20210212231859-10aa00d2e096/go.mod h1:CNZuSBsiOG2SJM9MEOYT4/KznrEu20HLrF5moSLVG7s=
github.com/gohugoio/hugo-mod-jslibs-dist/alpinejs/v3 v3.401.201/go.mod h1:WWQxcmPs5Xy3xDgi29ipkmZT6NKVb3bsqyCDTY3eYYY=
github.com/gohugoio/hugo-mod-jslibs/alpinejs v0.5.0/go.mod h1:XvAGp/0tQ8bZpoCcM6rdx1NbzZUy3/KtetedtdgaNek=
github.com/gohugoio/hugo-mod-jslibs/alpinejs v0.6.0/go.mod h1:QB5IEnFYPAWpMEBg4tF1OW0xzI1O68QNWnqfPuUkpnU=
github.com/gohugoio/hugo-mod-jslibs/alpinejs v0.7.0/go.mod h1:e1pgFkSbGd2EzKUbAuXHSnVqMX2suwsSklPZfDXeQkg=
github.com/gohugoio/hugo-mod-jslibs/alpinejs v0.7.1/go.mod h1:e1pgFkSbGd2EzKUbAuXHSnVqMX2suwsSklPZfDXeQkg=
github.com/gohugoio/hugo-mod-jslibs/alpinejs v0.8.0/go.mod h1:6o8QVnKIlmS2+/INRDLhd9gz5moL3TXvHNtgxNGuF0M=
github.com/gohugoio/hugo-mod-jslibs/instantpage v0.5.1/go.mod h1:N4EUbbL7Cw4Yq+GHeK3MUSiOJQbzfuUFRyvBKvnVBR8=
github.com/gohugoio/hugo-mod-jslibs/turbo/v7 v7.0.0-20211006154215-97cb50aae023/go.mod h1:7YpZ5H9gE7M/Br+1g052hfMl6jZs1x+yU0hdJfSiB14=
github.com/gohugoio/hugo-mod-jslibs/turbolinks v0.5.0/go.mod h1:0COpoSU/YogktyDLZn4aoXioJPq+f4jvdenIZj5ozMQ=
github.com/gohugoio/hugo-mod-jslibs/turbolinks v0.6.0/go.mod h1:0COpoSU/YogktyDLZn4aoXioJPq+f4jvdenIZj5ozMQ=
github.com/hotwired/turbo v7.0.1+incompatible/go.mod h1:6XcpYEC+j8xb7URpSYwhlq4iq98M5F5T/jaLWNHVbZs=
github.com/instantpage/instant.page v5.1.0+incompatible/go.mod h1:GXVDktwI+K4T9o5mcK2NYDqPFxAUrB9U9goR9oG1SaI=
github.com/linode/linode-api-docs v0.16.17 h1:2oWsvh2q3IYmaxy1XUBN64NH2FRhwdceD9gwlX5mlBA=
github.com/linode/linode-api-docs v0.16.17/go.mod h1:mTkxejkk3Y6N4IfEQRGb1xC0EOPl12bWNWt3PzAUD7g=
github.com/linode/linode-api-docs v4.73.0+incompatible h1:KT1fyjk4X9hqw4A1hv6wVHr3I1Ewihi5orjvonzHcfM=
github.com/linode/linode-api-docs v4.73.0+incompatible/go.mod h1:mTkxejkk3Y6N4IfEQRGb1xC0EOPl12bWNWt3PzAUD7g=
github.com/linode/linode-api-docs/v4 v4.77.0 h1:Rb3OsHJvZO58ZVkJBK/v/KB38/bjCvw5bsq7x2ZjIU4=
github.com/linode/linode-api-docs/v4 v4.77.0/go.mod h1:JRT7kOTjArLJngT4KkAnxWNGszYSP+zlQg2OHQ407RI=
github.com/linode/linode-api-docs/v4 v4.78.3 h1:eqEqvjMDOSTgs2S8Vbht29CsRnacbvBDNrUElfIUxd4=
github.com/linode/linode-api-docs/v4 v4.78.3/go.mod h1:JRT7kOTjArLJngT4KkAnxWNGszYSP+zlQg2OHQ407RI=
github.com/linode/linode-api-docs/v4 v4.79.0 h1:D32U5OzwRj6u8OeqTHWHK4mujvk+9Mopy6w/36H8D/w=
github.com/linode/linode-api-docs/v4 v4.79.0/go.mod h1:JRT7kOTjArLJngT4KkAnxWNGszYSP+zlQg2OHQ407RI=
github.com/linode/linode-api-docs/v4 v4.80.0 h1:x0PSPLVzEOmsodKVOMULryxhzKYeFqARa5pLf57pgvI=
github.com/linode/linode-api-docs/v4 v4.80.0/go.mod h1:JRT7kOTjArLJngT4KkAnxWNGszYSP+zlQg2OHQ407RI=
github.com/linode/linode-api-docs/v4 v4.81.0 h1:g9OlZ1Mc5dMPKqWCjTbXfwhXghUlI+0kYW6o0QTCXEY=
github.com/linode/linode-api-docs/v4 v4.81.0/go.mod h1:JRT7kOTjArLJngT4KkAnxWNGszYSP+zlQg2OHQ407RI=
github.com/linode/linode-api-docs/v4 v4.82.0 h1:9gWurwJcVBiXuTajjpBUTAkSlpBWq3yTr36qVugoz/A=
github.com/linode/linode-api-docs/v4 v4.82.0/go.mod h1:JRT7kOTjArLJngT4KkAnxWNGszYSP+zlQg2OHQ407RI=
github.com/linode/linode-api-docs/v4 v4.83.1 h1:uUWW6pGrtyRFAP3Pex8oXJ8sJ2mq2QIi5XENlpqA5y4=
github.com/linode/linode-api-docs/v4 v4.83.1/go.mod h1:JRT7kOTjArLJngT4KkAnxWNGszYSP+zlQg2OHQ407RI=
github.com/linode/linode-api-docs/v4 v4.83.2 h1:PT4xCiPx4H1HcamUOHmQSMJZMl/Z+LDz1YYA1Lnw4wg=
github.com/linode/linode-api-docs/v4 v4.83.2/go.mod h1:JRT7kOTjArLJngT4KkAnxWNGszYSP+zlQg2OHQ407RI=
github.com/linode/linode-api-docs/v4 v4.84.0 h1:B9DUyhpvBwIZ9ZSNwwfI2cCX8o1HlYJG8gU4Ve3JATs=
github.com/linode/linode-api-docs/v4 v4.84.0/go.mod h1:JRT7kOTjArLJngT4KkAnxWNGszYSP+zlQg2OHQ407RI=
github.com/linode/linode-api-docs/v4 v4.84.1 h1:IPTd6fWAqEThNZyybCY6SoYQ0n6psSx3mBxgHQtA+sY=
github.com/linode/linode-api-docs/v4 v4.84.1/go.mod h1:JRT7kOTjArLJngT4KkAnxWNGszYSP+zlQg2OHQ407RI=
github.com/linode/linode-api-docs/v4 v4.85.0 h1:bxdvYBme7uxitToNyAStQC3sBwsgtWS8bRQZ+XaoFMM=
github.com/linode/linode-api-docs/v4 v4.85.0/go.mod h1:JRT7kOTjArLJngT4KkAnxWNGszYSP+zlQg2OHQ407RI=
github.com/linode/linode-api-docs/v4 v4.86.0 h1:lzp7btR8U3Y35pPBJI/HbelrGXkRBzKww4fkfW02IpU=
github.com/linode/linode-api-docs/v4 v4.86.0/go.mod h1:JRT7kOTjArLJngT4KkAnxWNGszYSP+zlQg2OHQ407RI=
github.com/linode/linode-api-docs/v4 v4.86.1 h1:kkX9I7heCOoeuiViigt8BIdX2G34cDxpjTXcoRgThyo=
github.com/linode/linode-api-docs/v4 v4.86.1/go.mod h1:JRT7kOTjArLJngT4KkAnxWNGszYSP+zlQg2OHQ407RI=
github.com/linode/linode-api-docs/v4 v4.87.0 h1:kGcKy7Ocgn3fXmxghPhZzOhCHPCR5L3RylC/oBZaw2w=
github.com/linode/linode-api-docs/v4 v4.87.0/go.mod h1:JRT7kOTjArLJngT4KkAnxWNGszYSP+zlQg2OHQ407RI=
github.com/linode/linode-api-docs/v4 v4.89.0 h1:OoayO88m3nvT3fPTRdBq8iG69RrFQFTccOiFv9qfk28=
github.com/linode/linode-api-docs/v4 v4.89.0/go.mod h1:JRT7kOTjArLJngT4KkAnxWNGszYSP+zlQg2OHQ407RI=
github.com/linode/linode-api-docs/v4 v4.89.1 h1:WupHqv71JJDFPWbKLGI3DhSopVuQw1o831tN7WizIqM=
github.com/linode/linode-api-docs/v4 v4.89.1/go.mod h1:JRT7kOTjArLJngT4KkAnxWNGszYSP+zlQg2OHQ407RI=
github.com/linode/linode-api-docs/v4 v4.90.0 h1:gK9FEi4BRXQHIw0mELLjItEU7dcRZe+9nSqeytJUvFQ=
github.com/linode/linode-api-docs/v4 v4.90.0/go.mod h1:JRT7kOTjArLJngT4KkAnxWNGszYSP+zlQg2OHQ407RI=
github.com/linode/linode-api-docs/v4 v4.90.3 h1:Q93V4pJxVuQ6Pg81VH9KKB5O9zmyj2VvpdnH97r79UE=
github.com/linode/linode-api-docs/v4 v4.90.3/go.mod h1:JRT7kOTjArLJngT4KkAnxWNGszYSP+zlQg2OHQ407RI=
github.com/linode/linode-api-docs/v4 v4.91.0 h1:FcrNTM8x9k1kgWOLYd4YYgOzYEzKs5wF0ocgcy1xumQ=
github.com/linode/linode-api-docs/v4 v4.91.0/go.mod h1:JRT7kOTjArLJngT4KkAnxWNGszYSP+zlQg2OHQ407RI=
github.com/linode/linode-api-docs/v4 v4.92.0 h1:ND37qhbeDkKcOUwmAzmbg0mG/6aeD1CylThNo/VNSCw=
github.com/linode/linode-api-docs/v4 v4.92.0/go.mod h1:JRT7kOTjArLJngT4KkAnxWNGszYSP+zlQg2OHQ407RI=
github.com/linode/linode-api-docs/v4 v4.93.0 h1:s7sXv3e8B48lK8qW2mVl7eMAQhWHbN1UeTKw1j3K9+o=
github.com/linode/linode-api-docs/v4 v4.93.0/go.mod h1:JRT7kOTjArLJngT4KkAnxWNGszYSP+zlQg2OHQ407RI=
github.com/linode/linode-api-docs/v4 v4.93.1 h1:EjF7tbajZSwl0AGctW+M6YLbFPpkjtrT/VBlOgI1V6Y=
github.com/linode/linode-api-docs/v4 v4.93.1/go.mod h1:JRT7kOTjArLJngT4KkAnxWNGszYSP+zlQg2OHQ407RI=
github.com/linode/linode-api-docs/v4 v4.94.0 h1:t+nEmDrwMbt+yBZ4lYrPQI5DuwVskNMbJSICwGdoS+I=
github.com/linode/linode-api-docs/v4 v4.94.0/go.mod h1:JRT7kOTjArLJngT4KkAnxWNGszYSP+zlQg2OHQ407RI=
github.com/linode/linode-api-docs/v4 v4.95.0 h1:jsCgTKlmvmAw4UTLYSFox81VNWlgFCvutZ0wP3swj90=
github.com/linode/linode-api-docs/v4 v4.95.0/go.mod h1:JRT7kOTjArLJngT4KkAnxWNGszYSP+zlQg2OHQ407RI=
github.com/linode/linode-api-docs/v4 v4.96.0 h1:BZy53f3aO3CZxkCnDnlyHSK7yCIB5YHcKyvcObfCFfs=
github.com/linode/linode-api-docs/v4 v4.96.0/go.mod h1:JRT7kOTjArLJngT4KkAnxWNGszYSP+zlQg2OHQ407RI=
github.com/linode/linode-api-docs/v4 v4.97.0 h1:lC5YOtu3Fr2JirVBl47MbAZwO/4hHVfprFyOyq1MPo8=
github.com/linode/linode-api-docs/v4 v4.97.0/go.mod h1:JRT7kOTjArLJngT4KkAnxWNGszYSP+zlQg2OHQ407RI=
github.com/linode/linode-api-docs/v4 v4.97.2 h1:ltDzbKXMLb7Gf0YzEE5+l14d4p0xg00eIOKhOvVzu7k=
github.com/linode/linode-api-docs/v4 v4.97.2/go.mod h1:JRT7kOTjArLJngT4KkAnxWNGszYSP+zlQg2OHQ407RI=
github.com/linode/linode-api-docs/v4 v4.98.0 h1:JpzP2IJ6r8lrM9sEM/mVKpNMf5KCL8ZgnaL1aZWFwtc=
github.com/linode/linode-api-docs/v4 v4.98.0/go.mod h1:JRT7kOTjArLJngT4KkAnxWNGszYSP+zlQg2OHQ407RI=
github.com/linode/linode-api-docs/v4 v4.99.0 h1:5LGCEbM1cR582OUAjQorilQMXCGMQtLBxrpF8f+tVsE=
github.com/linode/linode-api-docs/v4 v4.99.0/go.mod h1:JRT7kOTjArLJngT4KkAnxWNGszYSP+zlQg2OHQ407RI=
github.com/linode/linode-api-docs/v4 v4.100.1 h1:zIJvrnVjII5vYw6ZgDiCpKGeqVqMnXw5UVxw9t+1Qfk=
github.com/linode/linode-api-docs/v4 v4.100.1/go.mod h1:JRT7kOTjArLJngT4KkAnxWNGszYSP+zlQg2OHQ407RI=
github.com/linode/linode-api-docs/v4 v4.101.0 h1:tE7dDp8jTxzYHeM7PwPaePVNrsB8oxbLSvIFf9juWFM=
github.com/linode/linode-api-docs/v4 v4.101.0/go.mod h1:JRT7kOTjArLJngT4KkAnxWNGszYSP+zlQg2OHQ407RI=
github.com/linode/linode-api-docs/v4 v4.101.1 h1:Lm2ytsGDqc+3A9ccV6JMVXpaTTnkWmbQgDXaYxai9Og=
github.com/linode/linode-api-docs/v4 v4.101.1/go.mod h1:JRT7kOTjArLJngT4KkAnxWNGszYSP+zlQg2OHQ407RI=
github.com/linode/linode-api-docs/v4 v4.102.0 h1:v/+34yaV0db2qZc33Nk+qUTmWrL6Xj+pxvdZcm2+GYg=
github.com/linode/linode-api-docs/v4 v4.102.0/go.mod h1:JRT7kOTjArLJngT4KkAnxWNGszYSP+zlQg2OHQ407RI=
github.com/linode/linode-api-docs/v4 v4.104.0 h1:so+M6itT4MqemV792jMXD9Xouw9qKULId28cQ5Q4uWk=
github.com/linode/linode-api-docs/v4 v4.104.0/go.mod h1:JRT7kOTjArLJngT4KkAnxWNGszYSP+zlQg2OHQ407RI=
github.com/linode/linode-api-docs/v4 v4.105.0 h1:+EQ0VXHtrlqzUyCFf0LUhls0d92+FCFF+HU28bDynSk=
github.com/linode/linode-api-docs/v4 v4.105.0/go.mod h1:JRT7kOTjArLJngT4KkAnxWNGszYSP+zlQg2OHQ407RI=
github.com/linode/linode-api-docs/v4 v4.105.1 h1:iQJqQ3g2uNyxlZjrvLbBlBmqQuz24ng+7bjvLouz9Ck=
github.com/linode/linode-api-docs/v4 v4.105.1/go.mod h1:JRT7kOTjArLJngT4KkAnxWNGszYSP+zlQg2OHQ407RI=
github.com/linode/linode-api-docs/v4 v4.106.0 h1:D9zTi8N6vxTfNeztGbeC8vjgYzVmC+zCj6B+q9Xrjh4=
github.com/linode/linode-api-docs/v4 v4.106.0/go.mod h1:JRT7kOTjArLJngT4KkAnxWNGszYSP+zlQg2OHQ407RI=
github.com/linode/linode-api-docs/v4 v4.106.1 h1:koC3FP8zPrDskdM2V5oMj8ZUTss7c3+VhA99AB/fJ3E=
github.com/linode/linode-api-docs/v4 v4.106.1/go.mod h1:JRT7kOTjArLJngT4KkAnxWNGszYSP+zlQg2OHQ407RI=
github.com/linode/linode-api-docs/v4 v4.107.0 h1:nI26laxTHPevIzrTl2TnOr8GN5SCXcCjxjiaZA7RdyE=
github.com/linode/linode-api-docs/v4 v4.107.0/go.mod h1:JRT7kOTjArLJngT4KkAnxWNGszYSP+zlQg2OHQ407RI=
github.com/linode/linode-api-docs/v4 v4.108.0 h1:qrYtZOZ/l+ynNVD8GOe6vkyCAU6HB2BpFyFbeW7Swas=
github.com/linode/linode-api-docs/v4 v4.108.0/go.mod h1:JRT7kOTjArLJngT4KkAnxWNGszYSP+zlQg2OHQ407RI=
github.com/linode/linode-api-docs/v4 v4.108.1 h1:bNGPBjkhSXuhT5eI0oMhsg3RqRGF5qfk57S4IjZaOSU=
github.com/linode/linode-api-docs/v4 v4.108.1/go.mod h1:JRT7kOTjArLJngT4KkAnxWNGszYSP+zlQg2OHQ407RI=
github.com/linode/linode-docs-theme v0.0.0-20210215111207-9617106a3e7d h1:feu3jWgITW5YvplVgqsKG3oXq9AUREWzKQC5jB43C/Y=
github.com/linode/linode-docs-theme v0.0.0-20210215111207-9617106a3e7d/go.mod h1:2x/UxSy9ZlNdGFzD0USCZu2AWzjIZv/iYK06Du+bFqI=
github.com/linode/linode-docs-theme v0.0.0-20210225102921-7c8a91c6347c h1:vCPkHOsB6KkX6733p3qsqtKYYc46SGglIhgEy9pJgSY=
github.com/linode/linode-docs-theme v0.0.0-20210225102921-7c8a91c6347c/go.mod h1:2x/UxSy9ZlNdGFzD0USCZu2AWzjIZv/iYK06Du+bFqI=
github.com/linode/linode-docs-theme v0.0.0-20210226204656-69790b1d69bc h1:qUv5o2Wy/2VHRYGRE26q2vRQ0qHISN3rZ29OSmsTTV0=
github.com/linode/linode-docs-theme v0.0.0-20210226204656-69790b1d69bc/go.mod h1:2x/UxSy9ZlNdGFzD0USCZu2AWzjIZv/iYK06Du+bFqI=
github.com/linode/linode-docs-theme v0.0.0-20210302141717-33288c3be04c h1:wlaVDDS+gzQr9xXtHznihBT8bgZH0So9hwTBIH+f5Yc=
github.com/linode/linode-docs-theme v0.0.0-20210302141717-33288c3be04c/go.mod h1:2x/UxSy9ZlNdGFzD0USCZu2AWzjIZv/iYK06Du+bFqI=
github.com/linode/linode-docs-theme v0.0.0-20210305151357-c3c542fa941a h1:EXPNBEC8/gnn+zgLtcFQf0Bu3OtRWjFqJv/PT/wX8FI=
github.com/linode/linode-docs-theme v0.0.0-20210305151357-c3c542fa941a/go.mod h1:2x/UxSy9ZlNdGFzD0USCZu2AWzjIZv/iYK06Du+bFqI=
github.com/linode/linode-docs-theme v0.0.0-20210315125038-33586ed9a849 h1:LBMzG9oydx/jZJiqQc26Hz6Vh6X8LwqAnun1Vb3IkEQ=
github.com/linode/linode-docs-theme v0.0.0-20210315125038-33586ed9a849/go.mod h1:2x/UxSy9ZlNdGFzD0USCZu2AWzjIZv/iYK06Du+bFqI=
github.com/linode/linode-docs-theme v0.0.0-20210402210657-b05c0895965a h1:uO2j6RihQLiDRaQUCqYB5S1belYItAYUhieKSTXodF8=
github.com/linode/linode-docs-theme v0.0.0-20210402210657-b05c0895965a/go.mod h1:Pc8TnkFP4uSsRw+maC5BO+v3z7B/3IWApuJJIdPZj74=
github.com/linode/linode-docs-theme v0.0.0-20210405181650-f5fc0280eaa5 h1:3kcCmLe2qnL+64SpyHfzDLSk/M96XovZhsizXfWA1Vw=
github.com/linode/linode-docs-theme v0.0.0-20210405181650-f5fc0280eaa5/go.mod h1:Pc8TnkFP4uSsRw+maC5BO+v3z7B/3IWApuJJIdPZj74=
github.com/linode/linode-docs-theme v0.0.0-20210423183537-d38204a73611 h1:INP+35RDCxbekaaG94xATmW7zQrO5SFojenYveDbFls=
github.com/linode/linode-docs-theme v0.0.0-20210423183537-d38204a73611/go.mod h1:Pc8TnkFP4uSsRw+maC5BO+v3z7B/3IWApuJJIdPZj74=
github.com/linode/linode-docs-theme v0.0.0-20210428110624-59641ac5ad83 h1:EFMmEo9ptNfO1+rcewpWnlUuiGZSJ+M5/NJ9Ry41NFU=
github.com/linode/linode-docs-theme v0.0.0-20210428110624-59641ac5ad83/go.mod h1:Pc8TnkFP4uSsRw+maC5BO+v3z7B/3IWApuJJIdPZj74=
github.com/linode/linode-docs-theme v0.0.0-20210507134606-dcb1392a5e03 h1:1TduPFAJjtoHZXU2dNYbWaktEXMCZGwOU9ND7zJAzVM=
github.com/linode/linode-docs-theme v0.0.0-20210507134606-dcb1392a5e03/go.mod h1:Pc8TnkFP4uSsRw+maC5BO+v3z7B/3IWApuJJIdPZj74=
github.com/linode/linode-docs-theme v0.0.0-20210511203320-0a2675d9b70c h1:KfA7ExW2Udxxe0DHKUk2/nNED3qVXZNN+X7pCKlwvAo=
github.com/linode/linode-docs-theme v0.0.0-20210511203320-0a2675d9b70c/go.mod h1:Pc8TnkFP4uSsRw+maC5BO+v3z7B/3IWApuJJIdPZj74=
github.com/linode/linode-docs-theme v0.0.0-20210604184231-5d3193a64124 h1:Z+nTuvuSj4jEHu1PoXyZNNVW8ekSLOTxcrQYpnJxA4I=
github.com/linode/linode-docs-theme v0.0.0-20210604184231-5d3193a64124/go.mod h1:s/usZKsVf636eYoCg39p2zLtpychP14FigMv28H6Grs=
github.com/linode/linode-docs-theme v0.0.0-20210722132840-9dc1921291a0 h1:FsPHtsV9P77+iXv6LBvXtYogXeKY2yHLPwQw/vYmr14=
github.com/linode/linode-docs-theme v0.0.0-20210722132840-9dc1921291a0/go.mod h1:s/usZKsVf636eYoCg39p2zLtpychP14FigMv28H6Grs=
github.com/linode/linode-docs-theme v0.0.0-20210726193952-742047159dd6 h1:508/IIT3l+9lnluPNkYr5CV4LJK1B+E5znZEhDbJ40g=
github.com/linode/linode-docs-theme v0.0.0-20210726193952-742047159dd6/go.mod h1:s/usZKsVf636eYoCg39p2zLtpychP14FigMv28H6Grs=
github.com/linode/linode-docs-theme v0.0.0-20210730172548-adf0cb7dd878 h1:yvk0oymfu47ikwz6QgreaelfIJ9nQRwMVucvOCLjC+E=
github.com/linode/linode-docs-theme v0.0.0-20210730172548-adf0cb7dd878/go.mod h1:s/usZKsVf636eYoCg39p2zLtpychP14FigMv28H6Grs=
github.com/linode/linode-docs-theme v0.0.0-20210806153321-2c85a05deed7 h1:GSFxmBtb0YxRfy5brBgA3JA//UN9Z+9RTDZHcGfc6y4=
github.com/linode/linode-docs-theme v0.0.0-20210806153321-2c85a05deed7/go.mod h1:DNdrF/DiqJGG9JwPpVqv30JXHUH0MCfSaVBwA4oULRg=
github.com/linode/linode-docs-theme v0.0.0-20210813142342-28e7a3d9aefa h1:COGxlKxi0ob0UUakTeAe9NWqVWnQfRLi5qP9pcq6n/s=
github.com/linode/linode-docs-theme v0.0.0-20210813142342-28e7a3d9aefa/go.mod h1:DNdrF/DiqJGG9JwPpVqv30JXHUH0MCfSaVBwA4oULRg=
github.com/linode/linode-docs-theme v0.0.0-20210820112345-a2baf178f527 h1:PZ38vyVm5CwsywuBBVSwRNw1mwpjVYUHD/RW3G1yNgg=
github.com/linode/linode-docs-theme v0.0.0-20210820112345-a2baf178f527/go.mod h1:DNdrF/DiqJGG9JwPpVqv30JXHUH0MCfSaVBwA4oULRg=
github.com/linode/linode-docs-theme v0.0.0-20210826174807-d3dd6d268c4b h1:OGtkwcdgMLON+LwJT0tqh9oJca/5dd5HImFVsTg5FC0=
github.com/linode/linode-docs-theme v0.0.0-20210826174807-d3dd6d268c4b/go.mod h1:DNdrF/DiqJGG9JwPpVqv30JXHUH0MCfSaVBwA4oULRg=
github.com/linode/linode-docs-theme v0.0.0-20210827172738-64f3f3ecdfe5 h1:hj3pgleeCiakH0IrHTdI+dzwnnWZwh9w1CVGUCPO2zM=
github.com/linode/linode-docs-theme v0.0.0-20210827172738-64f3f3ecdfe5/go.mod h1:DNdrF/DiqJGG9JwPpVqv30JXHUH0MCfSaVBwA4oULRg=
github.com/linode/linode-docs-theme v0.0.0-20210831150343-71073d1e19ac h1:Po/zxYObz5Nh3WiMujwyUP+Pvq5cippdvpPYgJKGg4M=
github.com/linode/linode-docs-theme v0.0.0-20210831150343-71073d1e19ac/go.mod h1:DNdrF/DiqJGG9JwPpVqv30JXHUH0MCfSaVBwA4oULRg=
github.com/linode/linode-docs-theme v0.0.0-20211004172015-a0d316a9506d h1:eLZkHTFodOqRVWweTz5HwDRMW6aqnH3BWGp9wyMFbOg=
github.com/linode/linode-docs-theme v0.0.0-20211004172015-a0d316a9506d/go.mod h1:DNdrF/DiqJGG9JwPpVqv30JXHUH0MCfSaVBwA4oULRg=
github.com/linode/linode-docs-theme v0.0.0-20211022193052-5d3b3e1df742 h1:NVa6OqBnEK8kFy9jP959BHnE9/rQm+rop9bcXO1Dwx8=
github.com/linode/linode-docs-theme v0.0.0-20211022193052-5d3b3e1df742/go.mod h1:SGK/sgbgq+uJWz3/4v6ZLN01sgWLIhkFwHHuGzmY53k=
github.com/linode/linode-docs-theme v0.0.0-20211029170625-63a718aaece0 h1:a5HcdzHFGvVZQNH1rZ1bYGNdPdKVyX3mmTsV++pIVL0=
github.com/linode/linode-docs-theme v0.0.0-20211029170625-63a718aaece0/go.mod h1:DJmYe1CDMJHZoOTu4xgZC+xpA/ycqoE0M6xbgshhXOE=
github.com/linode/linode-docs-theme v0.0.0-20211105181932-c11049e08cbc h1:13Qy9eIu3wbCcmAkB/TRwXH+8ZDS160+V3lWSXeZElw=
github.com/linode/linode-docs-theme v0.0.0-20211105181932-c11049e08cbc/go.mod h1:DJmYe1CDMJHZoOTu4xgZC+xpA/ycqoE0M6xbgshhXOE=
github.com/linode/linode-docs-theme v0.0.0-20211109191026-5483b59fcc95 h1:hlHLom7xHS8tsUrD0WBdlkFAyTyioDwQOPc+RDkDgrc=
github.com/linode/linode-docs-theme v0.0.0-20211109191026-5483b59fcc95/go.mod h1:yr8ub7SvYQ5AMV8vyndEkn3HXL/jCKF42R2E21ozDys=
github.com/linode/linode-docs-theme v0.0.0-20211110170144-58daf343df22 h1:O6uZz/U+QVHQGh7arW4AMF4JPEZPh5qIxyCJ6Epy05c=
github.com/linode/linode-docs-theme v0.0.0-20211110170144-58daf343df22/go.mod h1:yr8ub7SvYQ5AMV8vyndEkn3HXL/jCKF42R2E21ozDys=
github.com/linode/linode-docs-theme v0.0.0-20211112170556-9506e31833d8 h1:ZEt+ipzDsEjv6TEixIzKC/NWBwWdvMBrJCuqHzgjcWo=
github.com/linode/linode-docs-theme v0.0.0-20211112170556-9506e31833d8/go.mod h1:yr8ub7SvYQ5AMV8vyndEkn3HXL/jCKF42R2E21ozDys=
github.com/linode/linode-website-partials v0.0.0-20200907163220-d3856e759e21/go.mod h1:e68x+kyP45JvsnatClDG16z9uAQ/Fg8gBDwpI6KMNI0=
github.com/linode/linode-website-partials v0.0.0-20200921210751-887bbecdd5dd/go.mod h1:e68x+kyP45JvsnatClDG16z9uAQ/Fg8gBDwpI6KMNI0=
github.com/linode/linode-website-partials v0.0.0-20201001182036-fe8965a45b3c h1:j2j0WYHnoSEsGg7790A+gNQqKYIXGTi/i1FHTwt9zBM=
github.com/linode/linode-website-partials v0.0.0-20201001182036-fe8965a45b3c/go.mod h1:e68x+kyP45JvsnatClDG16z9uAQ/Fg8gBDwpI6KMNI0=
github.com/linode/linode-website-partials v0.0.0-20201008204609-a59453d99ac9/go.mod h1:e68x+kyP45JvsnatClDG16z9uAQ/Fg8gBDwpI6KMNI0=
github.com/linode/linode-website-partials v0.0.0-20201027160459-020df188fe47/go.mod h1:e68x+kyP45JvsnatClDG16z9uAQ/Fg8gBDwpI6KMNI0=
github.com/linode/linode-website-partials v0.0.0-20201106150449-790c71d060a5/go.mod h1:e68x+kyP45JvsnatClDG16z9uAQ/Fg8gBDwpI6KMNI0=
github.com/linode/linode-website-partials v0.0.0-20201111214704-4d3a91692b6e/go.mod h1:e68x+kyP45JvsnatClDG16z9uAQ/Fg8gBDwpI6KMNI0=
github.com/linode/linode-website-partials v0.0.0-20201218183201-137ce582c763/go.mod h1:K1Em3lwb16JiCwNVftAFwWGhyB9Zkl/nXhxjBBUC1Ao=
github.com/linode/linode-website-partials v0.0.0-20210128152044-047fb439264c/go.mod h1:K1Em3lwb16JiCwNVftAFwWGhyB9Zkl/nXhxjBBUC1Ao=
github.com/linode/linode-website-partials v0.0.0-20210401153018-18e92e73e6cc/go.mod h1:K1Em3lwb16JiCwNVftAFwWGhyB9Zkl/nXhxjBBUC1Ao=
github.com/linode/linode-website-partials v0.0.0-20210604181106-f933b4b6b412/go.mod h1:K1Em3lwb16JiCwNVftAFwWGhyB9Zkl/nXhxjBBUC1Ao=
github.com/linode/linode-website-partials v0.0.0-20210802175028-9d88cb1b72bd/go.mod h1:K1Em3lwb16JiCwNVftAFwWGhyB9Zkl/nXhxjBBUC1Ao=
github.com/linode/linode-website-partials v0.0.0-20211020185321-5c98d80c9b8a/go.mod h1:K1Em3lwb16JiCwNVftAFwWGhyB9Zkl/nXhxjBBUC1Ao=
github.com/linode/linode-website-partials v0.0.0-20211108192240-e7da4cf1e95c/go.mod h1:K1Em3lwb16JiCwNVftAFwWGhyB9Zkl/nXhxjBBUC1Ao=
github.com/turbolinks/turbolinks-source-gem v5.2.0+incompatible/go.mod h1:Cl0Br9tUXkQvxumVNGTvyaa7dqpFC2kPMrsS0Ttc94U=
