github.com/alpinejs/alpine v2.5.0+incompatible/go.mod h1:BKI81egATMnaKqFeX5HEfYMnjZjcjcZmrYAu5Nck+EY=
github.com/alpinejs/alpine v2.6.0+incompatible/go.mod h1:BKI81egATMnaKqFeX5HEfYMnjZjcjcZmrYAu5Nck+EY=
github.com/bep/hugo-jslibs/alpinejs v0.5.14/go.mod h1:AKan86yhrI16Cp+ga/+UuRkBgaO25SpubHWFgMTzh3o=
github.com/bep/hugo-jslibs/instantpage v0.0.0-20200822093604-7b6e0aaba587/go.mod h1:Ezl32tElGtVVOdR7j1MZQHJOTbKL/iXO2Qtj4NOGkBs=
github.com/bep/hugo-jslibs/turbolinks v0.1.2/go.mod h1:CQHa51PjmF5gavvhS3JKSE9ywo8h7QgOj3D88ry6qu0=
github.com/bep/linodedocs v0.0.0-20200907181511-0147907b2c32 h1:zCV40Hxitmya8zWvcUDg7EAPX7llhNZBWgYL02Blhl8=
github.com/bep/linodedocs v0.0.0-20200907181511-0147907b2c32/go.mod h1:S6J2bvTp/BMG2Qau6jZkapEQZOQZjIPSvNoKToJlHIg=
github.com/gohugoio/hugo-mod-jslibs/alpinejs v0.5.0/go.mod h1:XvAGp/0tQ8bZpoCcM6rdx1NbzZUy3/KtetedtdgaNek=
github.com/gohugoio/hugo-mod-jslibs/instantpage v0.5.1/go.mod h1:N4EUbbL7Cw4Yq+GHeK3MUSiOJQbzfuUFRyvBKvnVBR8=
github.com/gohugoio/hugo-mod-jslibs/turbolinks v0.5.0/go.mod h1:0COpoSU/YogktyDLZn4aoXioJPq+f4jvdenIZj5ozMQ=
github.com/instantpage/instant.page v5.1.0+incompatible/go.mod h1:GXVDktwI+K4T9o5mcK2NYDqPFxAUrB9U9goR9oG1SaI=
github.com/linode/linode-api-docs v4.73.0+incompatible/go.mod h1:mTkxejkk3Y6N4IfEQRGb1xC0EOPl12bWNWt3PzAUD7g=
github.com/linode/linode-website-partials v0.0.0-20200907163220-d3856e759e21/go.mod h1:e68x+kyP45JvsnatClDG16z9uAQ/Fg8gBDwpI6KMNI0=
github.com/turbolinks/turbolinks-source-gem v5.2.0+incompatible/go.mod h1:Cl0Br9tUXkQvxumVNGTvyaa7dqpFC2kPMrsS0Ttc94U=
